
Microsoft Visual Studio Solution File, Format Version 12.00
# Visual Studio Version 17
VisualStudioVersion = 17.10.35013.160
MinimumVisualStudioVersion = 10.0.40219.1
Project("{FAE04EC0-301F-11D3-BF4B-00C04F79EFBC}") = "StudentManagement.API", "StudentManagement.API\StudentManagement.API.csproj", "{C83C1133-2DC0-49C4-AED9-70D7CD1D6B10}"
EndProject
Project("{FAE04EC0-301F-11D3-BF4B-00C04F79EFBC}") = "StudentManagement.Domain", "StudentManagement.Domain\StudentManagement.Domain.csproj", "{00798A0A-9F56-423F-B3BC-C267E88A9004}"
EndProject
Project("{FAE04EC0-301F-11D3-BF4B-00C04F79EFBC}") = "StudentManagement.Infrastructure", "StudentManagement.Infrastructure\StudentManagement.Infrastructure.csproj", "{BCBDF8E8-0347-407A-89B8-A1C18A3E7779}"
EndProject
Global
	GlobalSection(SolutionConfigurationPlatforms) = preSolution
		Debug|Any CPU = Debug|Any CPU
		Release|Any CPU = Release|Any CPU
	EndGlobalSection
	GlobalSection(ProjectConfigurationPlatforms) = postSolution
		{C83C1133-2DC0-49C4-AED9-70D7CD1D6B10}.Debug|Any CPU.ActiveCfg = Debug|Any CPU
		{C83C1133-2DC0-49C4-AED9-70D7CD1D6B10}.Debug|Any CPU.Build.0 = Debug|Any CPU
		{C83C1133-2DC0-49C4-AED9-70D7CD1D6B10}.Release|Any CPU.ActiveCfg = Release|Any CPU
		{C83C1133-2DC0-49C4-AED9-70D7CD1D6B10}.Release|Any CPU.Build.0 = Release|Any CPU
		{00798A0A-9F56-423F-B3BC-C267E88A9004}.Debug|Any CPU.ActiveCfg = Debug|Any CPU
		{00798A0A-9F56-423F-B3BC-C267E88A9004}.Debug|Any CPU.Build.0 = Debug|Any CPU
		{00798A0A-9F56-423F-B3BC-C267E88A9004}.Release|Any CPU.ActiveCfg = Release|Any CPU
		{00798A0A-9F56-423F-B3BC-C267E88A9004}.Release|Any CPU.Build.0 = Release|Any CPU
		{BCBDF8E8-0347-407A-89B8-A1C18A3E7779}.Debug|Any CPU.ActiveCfg = Debug|Any CPU
		{BCBDF8E8-0347-407A-89B8-A1C18A3E7779}.Debug|Any CPU.Build.0 = Debug|Any CPU
		{BCBDF8E8-0347-407A-89B8-A1C18A3E7779}.Release|Any CPU.ActiveCfg = Release|Any CPU
		{BCBDF8E8-0347-407A-89B8-A1C18A3E7779}.Release|Any CPU.Build.0 = Release|Any CPU
	EndGlobalSection
	GlobalSection(SolutionProperties) = preSolution
		HideSolutionNode = FALSE
	EndGlobalSection
	GlobalSection(ExtensibilityGlobals) = postSolution
		SolutionGuid = {33807DF9-4EAF-45C7-ACCA-856D4859E56D}
	EndGlobalSection
EndGlobal
